
Microsoft Visual Studio Solution File, Format Version 12.00
# Visual Studio Version 17
VisualStudioVersion = 17.14.36414.22 d17.14
MinimumVisualStudioVersion = 10.0.40219.1
Project("{FAE04EC0-301F-11D3-BF4B-00C04F79EFBC}") = "Sample.Api", "Sample.Api\Sample.Api.csproj", "{9FE5E317-AEDD-4542-A507-42D10995EB65}"
EndProject
Project("{FAE04EC0-301F-11D3-BF4B-00C04F79EFBC}") = "Sample.Tests", "Sample.Tests\Sample.Tests.csproj", "{EC092225-1775-47A7-9E39-905EF746EC39}"
EndProject
Project("{2150E333-8FDC-42A3-9474-1A3956D46DE8}") = ".github", ".github", "{02EA681E-C7D8-13C7-8484-4AC65E1B71E8}"
EndProject
Project("{2150E333-8FDC-42A3-9474-1A3956D46DE8}") = "Workflows", "Workflows", "{59895F37-E705-4C1D-BA41-1CF35D7416F8}"
	ProjectSection(SolutionItems) = preProject
		ci.yml = ci.yml
	EndProjectSection
EndProject
Global
	GlobalSection(SolutionConfigurationPlatforms) = preSolution
		Debug|Any CPU = Debug|Any CPU
		Release|Any CPU = Release|Any CPU
	EndGlobalSection
	GlobalSection(ProjectConfigurationPlatforms) = postSolution
		{9FE5E317-AEDD-4542-A507-42D10995EB65}.Debug|Any CPU.ActiveCfg = Debug|Any CPU
		{9FE5E317-AEDD-4542-A507-42D10995EB65}.Debug|Any CPU.Build.0 = Debug|Any CPU
		{9FE5E317-AEDD-4542-A507-42D10995EB65}.Release|Any CPU.ActiveCfg = Release|Any CPU
		{9FE5E317-AEDD-4542-A507-42D10995EB65}.Release|Any CPU.Build.0 = Release|Any CPU
		{EC092225-1775-47A7-9E39-905EF746EC39}.Debug|Any CPU.ActiveCfg = Debug|Any CPU
		{EC092225-1775-47A7-9E39-905EF746EC39}.Debug|Any CPU.Build.0 = Debug|Any CPU
		{EC092225-1775-47A7-9E39-905EF746EC39}.Release|Any CPU.ActiveCfg = Release|Any CPU
		{EC092225-1775-47A7-9E39-905EF746EC39}.Release|Any CPU.Build.0 = Release|Any CPU
	EndGlobalSection
	GlobalSection(SolutionProperties) = preSolution
		HideSolutionNode = FALSE
	EndGlobalSection
	GlobalSection(NestedProjects) = preSolution
		{59895F37-E705-4C1D-BA41-1CF35D7416F8} = {02EA681E-C7D8-13C7-8484-4AC65E1B71E8}
	EndGlobalSection
	GlobalSection(ExtensibilityGlobals) = postSolution
		SolutionGuid = {D4DB8609-BDB5-4CF8-BB81-FA1E5DDD77BB}
	EndGlobalSection
EndGlobal
